# This file is @generated by PDM.
# It is not intended for manual editing.

[metadata]
groups = ["default", "dev"]
strategy = ["inherit_metadata"]
lock_version = "4.5.0"
content_hash = "sha256:a80ee386d7bc9196dbcbbdd09304965b56bed9409ba5efce66c696706d246ff7"

[[metadata.targets]]
requires_python = "==3.11.*"

[[package]]
name = "click"
version = "8.1.8"
requires_python = ">=3.7"
summary = "Composable command line interface toolkit"
groups = ["dev"]
dependencies = [
    "colorama; platform_system == \"Windows\"",
    "importlib-metadata; python_version < \"3.8\"",
]
files = [
    {file = "click-8.1.8-py3-none-any.whl", hash = "sha256:63c132bbbed01578a06712a2d1f497bb62d9c1c0d329b7903a866228027263b2"},
    {file = "click-8.1.8.tar.gz", hash = "sha256:ed53c9d8990d83c2a27deae68e4ee337473f6330c040a31d4225c9574d16096a"},
]

[[package]]
name = "colorama"
version = "0.4.6"
requires_python = "!=3.0.*,!=3.1.*,!=3.2.*,!=3.3.*,!=3.4.*,!=3.5.*,!=3.6.*,>=2.7"
summary = "Cross-platform colored terminal text."
groups = ["dev"]
marker = "sys_platform == \"win32\" or platform_system == \"Windows\""
files = [
    {file = "colorama-0.4.6-py2.py3-none-any.whl", hash = "sha256:4f1d9991f5acc0ca119f9d443620b77f9d6b33703e51011c16baf57afb285fc6"},
    {file = "colorama-0.4.6.tar.gz", hash = "sha256:08695f5cb7ed6e0531a20572697297273c47b8cae5a63ffc6d6ed5c201be6e44"},
]

[[package]]
name = "deptry"
version = "0.21.2"
requires_python = ">=3.9"
summary = "A command line utility to check for unused, missing and transitive dependencies in a Python project."
groups = ["dev"]
dependencies = [
    "click<9,>=8.0.0",
    "colorama>=0.4.6; sys_platform == \"win32\"",
    "packaging>=23.2",
    "requirements-parser<1,>=0.11.0",
    "tomli>=2.0.1; python_version < \"3.11\"",
]
files = [
    {file = "deptry-0.21.2-cp39-abi3-macosx_10_12_x86_64.whl", hash = "sha256:e3b9e0c5ee437240b65e61107b5777a12064f78f604bf9f181a96c9b56eb896d"},
    {file = "deptry-0.21.2-cp39-abi3-macosx_11_0_arm64.whl", hash = "sha256:d76bbf48bd62ecc44ca3d414769bd4b7956598d23d9ccb42fd359b831a31cab2"},
    {file = "deptry-0.21.2-cp39-abi3-manylinux_2_17_aarch64.manylinux2014_aarch64.whl", hash = "sha256:3080bb88c16ebd35f59cba7688416115b7aaf4630dc5a051dff2649cbf129a1b"},
    {file = "deptry-0.21.2-cp39-abi3-manylinux_2_17_x86_64.manylinux2014_x86_64.whl", hash = "sha256:adb12d6678fb5dbd320a0a2e37881059d0a45bec6329df4250c977d803fe7f96"},
    {file = "deptry-0.21.2-cp39-abi3-musllinux_1_1_aarch64.whl", hash = "sha256:7479d3079be69c3bbf5913d8e21090749c1139ee91f81520ffce90b5322476b0"},
    {file = "deptry-0.21.2-cp39-abi3-musllinux_1_1_x86_64.whl", hash = "sha256:019167b35301edd2bdd4719c8b8f44769be4507cb8a1cd46fff4393cdbe8d31b"},
    {file = "deptry-0.21.2-cp39-abi3-win_amd64.whl", hash = "sha256:d8add495f0dd19a38aa6d1e09b14b1441bca47c9d945bc7b322efb084313eea3"},
    {file = "deptry-0.21.2-cp39-abi3-win_arm64.whl", hash = "sha256:06d48e9fa460aad02f9e1b079d9f5a69d622d291b3a0525b722fc91c88032042"},
    {file = "deptry-0.21.2.tar.gz", hash = "sha256:4e870553c7a1fafcd99a83ba4137259525679eecabeff61bc669741efa201541"},
]

[[package]]
name = "nodeenv"
version = "1.9.1"
requires_python = "!=3.0.*,!=3.1.*,!=3.2.*,!=3.3.*,!=3.4.*,!=3.5.*,!=3.6.*,>=2.7"
summary = "Node.js virtual environment builder"
groups = ["dev"]
files = [
    {file = "nodeenv-1.9.1-py2.py3-none-any.whl", hash = "sha256:ba11c9782d29c27c70ffbdda2d7415098754709be8a7056d79a737cd901155c9"},
    {file = "nodeenv-1.9.1.tar.gz", hash = "sha256:6ec12890a2dab7946721edbfbcd91f3319c6ccc9aec47be7c7e6b7011ee6645f"},
]

[[package]]
name = "packaging"
version = "24.2"
requires_python = ">=3.8"
summary = "Core utilities for Python packages"
groups = ["dev"]
files = [
    {file = "packaging-24.2-py3-none-any.whl", hash = "sha256:09abb1bccd265c01f4a3aa3f7a7db064b36514d2cba19a2f694fe6150451a759"},
    {file = "packaging-24.2.tar.gz", hash = "sha256:c228a6dc5e932d346bc5739379109d49e8853dd8223571c7c5b55260edc0b97f"},
]

[[package]]
name = "pyright"
version = "1.1.391"
requires_python = ">=3.7"
summary = "Command line wrapper for pyright"
groups = ["dev"]
dependencies = [
    "nodeenv>=1.6.0",
    "typing-extensions>=4.1",
]
files = [
    {file = "pyright-1.1.391-py3-none-any.whl", hash = "sha256:54fa186f8b3e8a55a44ebfa842636635688670c6896dcf6cf4a7fc75062f4d15"},
    {file = "pyright-1.1.391.tar.gz", hash = "sha256:66b2d42cdf5c3cbab05f2f4b76e8bec8aa78e679bfa0b6ad7b923d9e027cadb2"},
]

[[package]]
name = "requirements-parser"
version = "0.11.0"
requires_python = "<4.0,>=3.8"
summary = "This is a small Python module for parsing Pip requirement files."
groups = ["dev"]
dependencies = [
    "packaging>=23.2",
    "types-setuptools>=69.1.0",
]
files = [
    {file = "requirements_parser-0.11.0-py3-none-any.whl", hash = "sha256:50379eb50311834386c2568263ae5225d7b9d0867fb55cf4ecc93959de2c2684"},
    {file = "requirements_parser-0.11.0.tar.gz", hash = "sha256:35f36dc969d14830bf459803da84f314dc3d17c802592e9e970f63d0359e5920"},
]

[[package]]
name = "ruff"
version = "0.8.4"
requires_python = ">=3.7"
summary = "An extremely fast Python linter and code formatter, written in Rust."
groups = ["dev"]
files = [
    {file = "ruff-0.8.4-py3-none-linux_armv6l.whl", hash = "sha256:58072f0c06080276804c6a4e21a9045a706584a958e644353603d36ca1eb8a60"},
    {file = "ruff-0.8.4-py3-none-macosx_10_12_x86_64.whl", hash = "sha256:ffb60904651c00a1e0b8df594591770018a0f04587f7deeb3838344fe3adabac"},
    {file = "ruff-0.8.4-py3-none-macosx_11_0_arm64.whl", hash = "sha256:6ddf5d654ac0d44389f6bf05cee4caeefc3132a64b58ea46738111d687352296"},
    {file = "ruff-0.8.4-py3-none-manylinux_2_17_aarch64.manylinux2014_aarch64.whl", hash = "sha256:e248b1f0fa2749edd3350a2a342b67b43a2627434c059a063418e3d375cfe643"},
    {file = "ruff-0.8.4-py3-none-manylinux_2_17_armv7l.manylinux2014_armv7l.whl", hash = "sha256:bf197b98ed86e417412ee3b6c893f44c8864f816451441483253d5ff22c0e81e"},
    {file = "ruff-0.8.4-py3-none-manylinux_2_17_i686.manylinux2014_i686.whl", hash = "sha256:c41319b85faa3aadd4d30cb1cffdd9ac6b89704ff79f7664b853785b48eccdf3"},
    {file = "ruff-0.8.4-py3-none-manylinux_2_17_ppc64.manylinux2014_ppc64.whl", hash = "sha256:9f8402b7c4f96463f135e936d9ab77b65711fcd5d72e5d67597b543bbb43cf3f"},
    {file = "ruff-0.8.4-py3-none-manylinux_2_17_ppc64le.manylinux2014_ppc64le.whl", hash = "sha256:e4e56b3baa9c23d324ead112a4fdf20db9a3f8f29eeabff1355114dd96014604"},
    {file = "ruff-0.8.4-py3-none-manylinux_2_17_s390x.manylinux2014_s390x.whl", hash = "sha256:736272574e97157f7edbbb43b1d046125fce9e7d8d583d5d65d0c9bf2c15addf"},
    {file = "ruff-0.8.4-py3-none-manylinux_2_17_x86_64.manylinux2014_x86_64.whl", hash = "sha256:e5fe710ab6061592521f902fca7ebcb9fabd27bc7c57c764298b1c1f15fff720"},
    {file = "ruff-0.8.4-py3-none-musllinux_1_2_aarch64.whl", hash = "sha256:13e9ec6d6b55f6da412d59953d65d66e760d583dd3c1c72bf1f26435b5bfdbae"},
    {file = "ruff-0.8.4-py3-none-musllinux_1_2_armv7l.whl", hash = "sha256:97d9aefef725348ad77d6db98b726cfdb075a40b936c7984088804dfd38268a7"},
    {file = "ruff-0.8.4-py3-none-musllinux_1_2_i686.whl", hash = "sha256:ab78e33325a6f5374e04c2ab924a3367d69a0da36f8c9cb6b894a62017506111"},
    {file = "ruff-0.8.4-py3-none-musllinux_1_2_x86_64.whl", hash = "sha256:8ef06f66f4a05c3ddbc9121a8b0cecccd92c5bf3dd43b5472ffe40b8ca10f0f8"},
    {file = "ruff-0.8.4-py3-none-win32.whl", hash = "sha256:552fb6d861320958ca5e15f28b20a3d071aa83b93caee33a87b471f99a6c0835"},
    {file = "ruff-0.8.4-py3-none-win_amd64.whl", hash = "sha256:f21a1143776f8656d7f364bd264a9d60f01b7f52243fbe90e7670c0dfe0cf65d"},
    {file = "ruff-0.8.4-py3-none-win_arm64.whl", hash = "sha256:9183dd615d8df50defa8b1d9a074053891ba39025cf5ae88e8bcb52edcc4bf08"},
    {file = "ruff-0.8.4.tar.gz", hash = "sha256:0d5f89f254836799af1615798caa5f80b7f935d7a670fad66c5007928e57ace8"},
]

[[package]]
name = "types-setuptools"
version = "75.6.0.20241223"
requires_python = ">=3.8"
summary = "Typing stubs for setuptools"
groups = ["dev"]
files = [
    {file = "types_setuptools-75.6.0.20241223-py3-none-any.whl", hash = "sha256:7cbfd3bf2944f88bbcdd321b86ddd878232a277be95d44c78a53585d78ebc2f6"},
    {file = "types_setuptools-75.6.0.20241223.tar.gz", hash = "sha256:d9478a985057ed48a994c707f548e55aababa85fe1c9b212f43ab5a1fffd3211"},
]

[[package]]
name = "typing-extensions"
version = "4.12.2"
requires_python = ">=3.8"
summary = "Backported and Experimental Type Hints for Python 3.8+"
groups = ["dev"]
files = [
    {file = "typing_extensions-4.12.2-py3-none-any.whl", hash = "sha256:04e5ca0351e0f3f85c6853954072df659d0d13fac324d0072316b67d7794700d"},
    {file = "typing_extensions-4.12.2.tar.gz", hash = "sha256:1a7ead55c7e559dd4dee8856e3a88b41225abfe1ce8df57b7c13915fe121ffb8"},
]
